
Microsoft Visual Studio Solution File, Format Version 12.00
# Visual Studio Version 17
VisualStudioVersion = 17.4.33110.190
MinimumVisualStudioVersion = 10.0.40219.1
Project("{FAE04EC0-301F-11D3-BF4B-00C04F79EFBC}") = "WPFTest", "WPFTest\WPFTest.csproj", "{1911F4BF-EBAC-41C4-8917-0366533C22EE}"
EndProject
Global
	GlobalSection(SolutionConfigurationPlatforms) = preSolution
		Debug|Any CPU = Debug|Any CPU
		Release|Any CPU = Release|Any CPU
	EndGlobalSection
	GlobalSection(ProjectConfigurationPlatforms) = postSolution
		{1911F4BF-EBAC-41C4-8917-0366533C22EE}.Debug|Any CPU.ActiveCfg = Debug|Any CPU
		{1911F4BF-EBAC-41C4-8917-0366533C22EE}.Debug|Any CPU.Build.0 = Debug|Any CPU
		{1911F4BF-EBAC-41C4-8917-0366533C22EE}.Release|Any CPU.ActiveCfg = Release|Any CPU
		{1911F4BF-EBAC-41C4-8917-0366533C22EE}.Release|Any CPU.Build.0 = Release|Any CPU
	EndGlobalSection
	GlobalSection(SolutionProperties) = preSolution
		HideSolutionNode = FALSE
	EndGlobalSection
	GlobalSection(ExtensibilityGlobals) = postSolution
		SolutionGuid = {B95F2634-6C6E-40C0-9F8A-D58192A55B1F}
	EndGlobalSection
EndGlobal
